// !$*UTF8*$!
{
	archiveVersion = 1;
	classes = {
	};
	objectVersion = 45;
	objects = {

/* Begin PBXBuildFile section */
		1D3623260D0F684500981E51 /* iCalToDoAppDelegate.m in Sources */ = {isa = PBXBuildFile; fileRef = 1D3623250D0F684500981E51 /* iCalToDoAppDelegate.m */; };
		1D60589B0D05DD56006BFB54 /* main.m in Sources */ = {isa = PBXBuildFile; fileRef = 29B97316FDCFA39411CA2CEA /* main.m */; };
		1D60589F0D05DD5A006BFB54 /* Foundation.framework in Frameworks */ = {isa = PBXBuildFile; fileRef = 1D30AB110D05D00D00671497 /* Foundation.framework */; };
		1DF5F4E00D08C38300B7A737 /* UIKit.framework in Frameworks */ = {isa = PBXBuildFile; fileRef = 1DF5F4DF0D08C38300B7A737 /* UIKit.framework */; };
		21019B101380EE8000FD667B /* CGICalTodoDetailViewController.m in Sources */ = {isa = PBXBuildFile; fileRef = 21019B0F1380EE8000FD667B /* CGICalTodoDetailViewController.m */; };
		21019B141380F1C900FD667B /* CGICalTodoNewViewController.m in Sources */ = {isa = PBXBuildFile; fileRef = 21019B131380F1C900FD667B /* CGICalTodoNewViewController.m */; };
		211645C71380DFBE00D5578F /* CGICalendar.m in Sources */ = {isa = PBXBuildFile; fileRef = 211645B81380DFBE00D5578F /* CGICalendar.m */; };
		211645C81380DFBE00D5578F /* CGICalendarComponent.m in Sources */ = {isa = PBXBuildFile; fileRef = 211645BA1380DFBE00D5578F /* CGICalendarComponent.m */; };
		211645C91380DFBE00D5578F /* CGICalendarContentLine.m in Sources */ = {isa = PBXBuildFile; fileRef = 211645BC1380DFBE00D5578F /* CGICalendarContentLine.m */; };
		211645CA1380DFBE00D5578F /* CGICalendarObject.m in Sources */ = {isa = PBXBuildFile; fileRef = 211645BE1380DFBE00D5578F /* CGICalendarObject.m */; };
		211645CB1380DFBE00D5578F /* CGICalendarParameter.m in Sources */ = {isa = PBXBuildFile; fileRef = 211645C01380DFBE00D5578F /* CGICalendarParameter.m */; };
		211645CC1380DFBE00D5578F /* CGICalendarProperty.m in Sources */ = {isa = PBXBuildFile; fileRef = 211645C21380DFBE00D5578F /* CGICalendarProperty.m */; };
		211645CD1380DFBE00D5578F /* CGICalendarValue.m in Sources */ = {isa = PBXBuildFile; fileRef = 211645C41380DFBE00D5578F /* CGICalendarValue.m */; };
		211645CE1380DFBE00D5578F /* NSDate+CGICalendar.m in Sources */ = {isa = PBXBuildFile; fileRef = 211645C61380DFBE00D5578F /* NSDate+CGICalendar.m */; };
		212C386713839DDF001404E6 /* chk_done.png in Resources */ = {isa = PBXBuildFile; fileRef = 212C386513839DDF001404E6 /* chk_done.png */; };
		212C386813839DDF001404E6 /* chk_none.png in Resources */ = {isa = PBXBuildFile; fileRef = 212C386613839DDF001404E6 /* chk_none.png */; };
		212C38751383A923001404E6 /* CGICalTodoViewCheckButton.m in Sources */ = {isa = PBXBuildFile; fileRef = 212C38741383A923001404E6 /* CGICalTodoViewCheckButton.m */; };
		21335F441384E26A007D8FFD /* chk_done@2x.png in Resources */ = {isa = PBXBuildFile; fileRef = 21335F421384E26A007D8FFD /* chk_done@2x.png */; };
		21335F451384E26A007D8FFD /* chk_none@2x.png in Resources */ = {isa = PBXBuildFile; fileRef = 21335F431384E26A007D8FFD /* chk_none@2x.png */; };
		2171093A137E872E0098ADD3 /* CGICalTodoViewController.m in Sources */ = {isa = PBXBuildFile; fileRef = 21710939137E872E0098ADD3 /* CGICalTodoViewController.m */; };
		2192DCB7138562F7003E2670 /* Icon.png in Resources */ = {isa = PBXBuildFile; fileRef = 2192DCB5138562F7003E2670 /* Icon.png */; };
		2192DCB8138562F7003E2670 /* Icon@x2.png in Resources */ = {isa = PBXBuildFile; fileRef = 2192DCB6138562F7003E2670 /* Icon@x2.png */; };
		2892E4100DC94CBA00A64D0F /* CoreGraphics.framework in Frameworks */ = {isa = PBXBuildFile; fileRef = 2892E40F0DC94CBA00A64D0F /* CoreGraphics.framework */; };
		28AD73600D9D9599002E5188 /* MainWindow.xib in Resources */ = {isa = PBXBuildFile; fileRef = 28AD735F0D9D9599002E5188 /* MainWindow.xib */; };
		28C286E10D94DF7D0034E888 /* RootViewController.m in Sources */ = {isa = PBXBuildFile; fileRef = 28C286E00D94DF7D0034E888 /* RootViewController.m */; };
		28F335F11007B36200424DE2 /* RootViewController.xib in Resources */ = {isa = PBXBuildFile; fileRef = 28F335F01007B36200424DE2 /* RootViewController.xib */; };
/* End PBXBuildFile section */

/* Begin PBXFileReference section */
		1D30AB110D05D00D00671497 /* Foundation.framework */ = {isa = PBXFileReference; lastKnownFileType = wrapper.framework; name = Foundation.framework; path = System/Library/Frameworks/Foundation.framework; sourceTree = SDKROOT; };
		1D3623240D0F684500981E51 /* iCalToDoAppDelegate.h */ = {isa = PBXFileReference; fileEncoding = 4; lastKnownFileType = sourcecode.c.h; path = iCalToDoAppDelegate.h; sourceTree = "<group>"; };
		1D3623250D0F684500981E51 /* iCalToDoAppDelegate.m */ = {isa = PBXFileReference; fileEncoding = 4; lastKnownFileType = sourcecode.c.objc; path = iCalToDoAppDelegate.m; sourceTree = "<group>"; };
		1D6058910D05DD3D006BFB54 /* iCalToDo.app */ = {isa = PBXFileReference; explicitFileType = wrapper.application; includeInIndex = 0; path = iCalToDo.app; sourceTree = BUILT_PRODUCTS_DIR; };
		1DF5F4DF0D08C38300B7A737 /* UIKit.framework */ = {isa = PBXFileReference; lastKnownFileType = wrapper.framework; name = UIKit.framework; path = System/Library/Frameworks/UIKit.framework; sourceTree = SDKROOT; };
		21019B0E1380EE8000FD667B /* CGICalTodoDetailViewController.h */ = {isa = PBXFileReference; fileEncoding = 4; lastKnownFileType = sourcecode.c.h; path = CGICalTodoDetailViewController.h; sourceTree = "<group>"; };
		21019B0F1380EE8000FD667B /* CGICalTodoDetailViewController.m */ = {isa = PBXFileReference; fileEncoding = 4; lastKnownFileType = sourcecode.c.objc; lineEnding = 0; path = CGICalTodoDetailViewController.m; sourceTree = "<group>"; xcLanguageSpecificationIdentifier = xcode.lang.objc; };
		21019B121380F1C900FD667B /* CGICalTodoNewViewController.h */ = {isa = PBXFileReference; fileEncoding = 4; lastKnownFileType = sourcecode.c.h; path = CGICalTodoNewViewController.h; sourceTree = "<group>"; };
		21019B131380F1C900FD667B /* CGICalTodoNewViewController.m */ = {isa = PBXFileReference; fileEncoding = 4; lastKnownFileType = sourcecode.c.objc; path = CGICalTodoNewViewController.m; sourceTree = "<group>"; };
		211645B71380DFBE00D5578F /* CGICalendar.h */ = {isa = PBXFileReference; fileEncoding = 4; lastKnownFileType = sourcecode.c.h; name = CGICalendar.h; path = ../../../iCalObjCSDK/CGICalendar.h; sourceTree = "<group>"; };
		211645B81380DFBE00D5578F /* CGICalendar.m */ = {isa = PBXFileReference; fileEncoding = 4; lastKnownFileType = sourcecode.c.objc; lineEnding = 0; name = CGICalendar.m; path = ../../../iCalObjCSDK/CGICalendar.m; sourceTree = "<group>"; xcLanguageSpecificationIdentifier = xcode.lang.objc; };
		211645B91380DFBE00D5578F /* CGICalendarComponent.h */ = {isa = PBXFileReference; fileEncoding = 4; lastKnownFileType = sourcecode.c.h; lineEnding = 0; name = CGICalendarComponent.h; path = ../../../iCalObjCSDK/CGICalendarComponent.h; sourceTree = "<group>"; xcLanguageSpecificationIdentifier = xcode.lang.objcpp; };
		211645BA1380DFBE00D5578F /* CGICalendarComponent.m */ = {isa = PBXFileReference; fileEncoding = 4; lastKnownFileType = sourcecode.c.objc; lineEnding = 0; name = CGICalendarComponent.m; path = ../../../iCalObjCSDK/CGICalendarComponent.m; sourceTree = "<group>"; xcLanguageSpecificationIdentifier = xcode.lang.objc; };
		211645BB1380DFBE00D5578F /* CGICalendarContentLine.h */ = {isa = PBXFileReference; fileEncoding = 4; lastKnownFileType = sourcecode.c.h; name = CGICalendarContentLine.h; path = ../../../iCalObjCSDK/CGICalendarContentLine.h; sourceTree = "<group>"; };
		211645BC1380DFBE00D5578F /* CGICalendarContentLine.m */ = {isa = PBXFileReference; fileEncoding = 4; lastKnownFileType = sourcecode.c.objc; name = CGICalendarContentLine.m; path = ../../../iCalObjCSDK/CGICalendarContentLine.m; sourceTree = "<group>"; };
		211645BD1380DFBE00D5578F /* CGICalendarObject.h */ = {isa = PBXFileReference; fileEncoding = 4; lastKnownFileType = sourcecode.c.h; name = CGICalendarObject.h; path = ../../../iCalObjCSDK/CGICalendarObject.h; sourceTree = "<group>"; xcLanguageSpecificationIdentifier = xcode.lang.objcpp; };
		211645BE1380DFBE00D5578F /* CGICalendarObject.m */ = {isa = PBXFileReference; fileEncoding = 4; lastKnownFileType = sourcecode.c.objc; lineEnding = 0; name = CGICalendarObject.m; path = ../../../iCalObjCSDK/CGICalendarObject.m; sourceTree = "<group>"; xcLanguageSpecificationIdentifier = xcode.lang.objc; };
		211645BF1380DFBE00D5578F /* CGICalendarParameter.h */ = {isa = PBXFileReference; fileEncoding = 4; lastKnownFileType = sourcecode.c.h; name = CGICalendarParameter.h; path = ../../../iCalObjCSDK/CGICalendarParameter.h; sourceTree = "<group>"; };
		211645C01380DFBE00D5578F /* CGICalendarParameter.m */ = {isa = PBXFileReference; fileEncoding = 4; lastKnownFileType = sourcecode.c.objc; name = CGICalendarParameter.m; path = ../../../iCalObjCSDK/CGICalendarParameter.m; sourceTree = "<group>"; };
		211645C11380DFBE00D5578F /* CGICalendarProperty.h */ = {isa = PBXFileReference; fileEncoding = 4; lastKnownFileType = sourcecode.c.h; lineEnding = 0; name = CGICalendarProperty.h; path = ../../../iCalObjCSDK/CGICalendarProperty.h; sourceTree = "<group>"; xcLanguageSpecificationIdentifier = xcode.lang.objcpp; };
		211645C21380DFBE00D5578F /* CGICalendarProperty.m */ = {isa = PBXFileReference; fileEncoding = 4; lastKnownFileType = sourcecode.c.objc; lineEnding = 0; name = CGICalendarProperty.m; path = ../../../iCalObjCSDK/CGICalendarProperty.m; sourceTree = "<group>"; xcLanguageSpecificationIdentifier = xcode.lang.objc; };
		211645C31380DFBE00D5578F /* CGICalendarValue.h */ = {isa = PBXFileReference; fileEncoding = 4; lastKnownFileType = sourcecode.c.h; name = CGICalendarValue.h; path = ../../../iCalObjCSDK/CGICalendarValue.h; sourceTree = "<group>"; };
		211645C41380DFBE00D5578F /* CGICalendarValue.m */ = {isa = PBXFileReference; fileEncoding = 4; lastKnownFileType = sourcecode.c.objc; name = CGICalendarValue.m; path = ../../../iCalObjCSDK/CGICalendarValue.m; sourceTree = "<group>"; };
		211645C51380DFBE00D5578F /* NSDate+CGICalendar.h */ = {isa = PBXFileReference; fileEncoding = 4; lastKnownFileType = sourcecode.c.h; name = "NSDate+CGICalendar.h"; path = "../../../iCalObjCSDK/NSDate+CGICalendar.h"; sourceTree = "<group>"; };
		211645C61380DFBE00D5578F /* NSDate+CGICalendar.m */ = {isa = PBXFileReference; fileEncoding = 4; lastKnownFileType = sourcecode.c.objc; name = "NSDate+CGICalendar.m"; path = "../../../iCalObjCSDK/NSDate+CGICalendar.m"; sourceTree = "<group>"; };
		212C386513839DDF001404E6 /* chk_done.png */ = {isa = PBXFileReference; lastKnownFileType = image.png; name = chk_done.png; path = Resources/chk_done.png; sourceTree = "<group>"; };
		212C386613839DDF001404E6 /* chk_none.png */ = {isa = PBXFileReference; lastKnownFileType = image.png; name = chk_none.png; path = Resources/chk_none.png; sourceTree = "<group>"; };
		212C38731383A923001404E6 /* CGICalTodoViewCheckButton.h */ = {isa = PBXFileReference; fileEncoding = 4; lastKnownFileType = sourcecode.c.h; path = CGICalTodoViewCheckButton.h; sourceTree = "<group>"; };
		212C38741383A923001404E6 /* CGICalTodoViewCheckButton.m */ = {isa = PBXFileReference; fileEncoding = 4; lastKnownFileType = sourcecode.c.objc; path = CGICalTodoViewCheckButton.m; sourceTree = "<group>"; };
		21335F421384E26A007D8FFD /* chk_done@2x.png */ = {isa = PBXFileReference; lastKnownFileType = image.png; name = "chk_done@2x.png"; path = "Resources/chk_done@2x.png"; sourceTree = "<group>"; };
		21335F431384E26A007D8FFD /* chk_none@2x.png */ = {isa = PBXFileReference; lastKnownFileType = image.png; name = "chk_none@2x.png"; path = "Resources/chk_none@2x.png"; sourceTree = "<group>"; };
		21710938137E872E0098ADD3 /* CGICalTodoViewController.h */ = {isa = PBXFileReference; fileEncoding = 4; lastKnownFileType = sourcecode.c.h; path = CGICalTodoViewController.h; sourceTree = "<group>"; };
		21710939137E872E0098ADD3 /* CGICalTodoViewController.m */ = {isa = PBXFileReference; fileEncoding = 4; lastKnownFileType = sourcecode.c.objc; lineEnding = 0; path = CGICalTodoViewController.m; sourceTree = "<group>"; xcLanguageSpecificationIdentifier = xcode.lang.objc; };
		2192DCB5138562F7003E2670 /* Icon.png */ = {isa = PBXFileReference; lastKnownFileType = image.png; name = Icon.png; path = Resources/Icon.png; sourceTree = "<group>"; };
		2192DCB6138562F7003E2670 /* Icon@x2.png */ = {isa = PBXFileReference; lastKnownFileType = image.png; name = "Icon@x2.png"; path = "Resources/Icon@x2.png"; sourceTree = "<group>"; };
		21F12A3D12F143A5004AEC36 /* iCalToDoTests-Info.plist */ = {isa = PBXFileReference; lastKnownFileType = text.plist.xml; path = "iCalToDoTests-Info.plist"; sourceTree = "<group>"; };
		2892E40F0DC94CBA00A64D0F /* CoreGraphics.framework */ = {isa = PBXFileReference; lastKnownFileType = wrapper.framework; name = CoreGraphics.framework; path = System/Library/Frameworks/CoreGraphics.framework; sourceTree = SDKROOT; };
		28A0AAE50D9B0CCF005BE974 /* iCalToDo_Prefix.pch */ = {isa = PBXFileReference; fileEncoding = 4; lastKnownFileType = sourcecode.c.h; path = iCalToDo_Prefix.pch; sourceTree = "<group>"; };
		28AD735F0D9D9599002E5188 /* MainWindow.xib */ = {isa = PBXFileReference; lastKnownFileType = file.xib; path = MainWindow.xib; sourceTree = "<group>"; };
		28C286DF0D94DF7D0034E888 /* RootViewController.h */ = {isa = PBXFileReference; fileEncoding = 4; lastKnownFileType = sourcecode.c.h; path = RootViewController.h; sourceTree = "<group>"; };
		28C286E00D94DF7D0034E888 /* RootViewController.m */ = {isa = PBXFileReference; fileEncoding = 4; lastKnownFileType = sourcecode.c.objc; path = RootViewController.m; sourceTree = "<group>"; };
		28F335F01007B36200424DE2 /* RootViewController.xib */ = {isa = PBXFileReference; lastKnownFileType = file.xib; path = RootViewController.xib; sourceTree = "<group>"; };
		29B97316FDCFA39411CA2CEA /* main.m */ = {isa = PBXFileReference; fileEncoding = 4; lastKnownFileType = sourcecode.c.objc; path = main.m; sourceTree = "<group>"; };
		8D1107310486CEB800E47090 /* iCalToDo-Info.plist */ = {isa = PBXFileReference; fileEncoding = 4; lastKnownFileType = text.plist.xml; path = "iCalToDo-Info.plist"; plistStructureDefinitionIdentifier = "com.apple.xcode.plist.structure-definition.iphone.info-plist"; sourceTree = "<group>"; };
/* End PBXFileReference section */

/* Begin PBXFrameworksBuildPhase section */
		1D60588F0D05DD3D006BFB54 /* Frameworks */ = {
			isa = PBXFrameworksBuildPhase;
			buildActionMask = 2147483647;
			files = (
				1D60589F0D05DD5A006BFB54 /* Foundation.framework in Frameworks */,
				1DF5F4E00D08C38300B7A737 /* UIKit.framework in Frameworks */,
				2892E4100DC94CBA00A64D0F /* CoreGraphics.framework in Frameworks */,
			);
			runOnlyForDeploymentPostprocessing = 0;
		};
/* End PBXFrameworksBuildPhase section */

/* Begin PBXGroup section */
		080E96DDFE201D6D7F000001 /* Classes */ = {
			isa = PBXGroup;
			children = (
				28C286DF0D94DF7D0034E888 /* RootViewController.h */,
				28C286E00D94DF7D0034E888 /* RootViewController.m */,
				1D3623240D0F684500981E51 /* iCalToDoAppDelegate.h */,
				1D3623250D0F684500981E51 /* iCalToDoAppDelegate.m */,
				21710938137E872E0098ADD3 /* CGICalTodoViewController.h */,
				21710939137E872E0098ADD3 /* CGICalTodoViewController.m */,
				21019B0E1380EE8000FD667B /* CGICalTodoDetailViewController.h */,
				21019B0F1380EE8000FD667B /* CGICalTodoDetailViewController.m */,
				21019B121380F1C900FD667B /* CGICalTodoNewViewController.h */,
				21019B131380F1C900FD667B /* CGICalTodoNewViewController.m */,
				212C38731383A923001404E6 /* CGICalTodoViewCheckButton.h */,
				212C38741383A923001404E6 /* CGICalTodoViewCheckButton.m */,
			);
			path = Classes;
			sourceTree = "<group>";
		};
		19C28FACFE9D520D11CA2CBB /* Products */ = {
			isa = PBXGroup;
			children = (
				1D6058910D05DD3D006BFB54 /* iCalToDo.app */,
			);
			name = Products;
			sourceTree = "<group>";
		};
		212C386313839DBD001404E6 /* Images */ = {
			isa = PBXGroup;
			children = (
				2192DCB5138562F7003E2670 /* Icon.png */,
				2192DCB6138562F7003E2670 /* Icon@x2.png */,
				21335F421384E26A007D8FFD /* chk_done@2x.png */,
				21335F431384E26A007D8FFD /* chk_none@2x.png */,
				212C386513839DDF001404E6 /* chk_done.png */,
				212C386613839DDF001404E6 /* chk_none.png */,
			);
			name = Images;
			sourceTree = "<group>";
		};
		21F1296412F1018A004AEC36 /* iCalObjCSDK */ = {
			isa = PBXGroup;
			children = (
				211645B71380DFBE00D5578F /* CGICalendar.h */,
				211645B81380DFBE00D5578F /* CGICalendar.m */,
				211645B91380DFBE00D5578F /* CGICalendarComponent.h */,
				211645BA1380DFBE00D5578F /* CGICalendarComponent.m */,
				211645BB1380DFBE00D5578F /* CGICalendarContentLine.h */,
				211645BC1380DFBE00D5578F /* CGICalendarContentLine.m */,
				211645BD1380DFBE00D5578F /* CGICalendarObject.h */,
				211645BE1380DFBE00D5578F /* CGICalendarObject.m */,
				211645BF1380DFBE00D5578F /* CGICalendarParameter.h */,
				211645C01380DFBE00D5578F /* CGICalendarParameter.m */,
				211645C11380DFBE00D5578F /* CGICalendarProperty.h */,
				211645C21380DFBE00D5578F /* CGICalendarProperty.m */,
				211645C31380DFBE00D5578F /* CGICalendarValue.h */,
				211645C41380DFBE00D5578F /* CGICalendarValue.m */,
				211645C51380DFBE00D5578F /* NSDate+CGICalendar.h */,
				211645C61380DFBE00D5578F /* NSDate+CGICalendar.m */,
			);
			name = iCalObjCSDK;
			sourceTree = "<group>";
		};
		29B97314FDCFA39411CA2CEA /* CustomTemplate */ = {
			isa = PBXGroup;
			children = (
				21F1296412F1018A004AEC36 /* iCalObjCSDK */,
				080E96DDFE201D6D7F000001 /* Classes */,
				29B97315FDCFA39411CA2CEA /* Other Sources */,
				29B97317FDCFA39411CA2CEA /* Resources */,
				29B97323FDCFA39411CA2CEA /* Frameworks */,
				19C28FACFE9D520D11CA2CBB /* Products */,
			);
			name = CustomTemplate;
			sourceTree = "<group>";
		};
		29B97315FDCFA39411CA2CEA /* Other Sources */ = {
			isa = PBXGroup;
			children = (
				28A0AAE50D9B0CCF005BE974 /* iCalToDo_Prefix.pch */,
				29B97316FDCFA39411CA2CEA /* main.m */,
			);
			name = "Other Sources";
			sourceTree = "<group>";
		};
		29B97317FDCFA39411CA2CEA /* Resources */ = {
			isa = PBXGroup;
			children = (
				212C386313839DBD001404E6 /* Images */,
				28F335F01007B36200424DE2 /* RootViewController.xib */,
				28AD735F0D9D9599002E5188 /* MainWindow.xib */,
				8D1107310486CEB800E47090 /* iCalToDo-Info.plist */,
				21F12A3D12F143A5004AEC36 /* iCalToDoTests-Info.plist */,
			);
			name = Resources;
			sourceTree = "<group>";
		};
		29B97323FDCFA39411CA2CEA /* Frameworks */ = {
			isa = PBXGroup;
			children = (
				1DF5F4DF0D08C38300B7A737 /* UIKit.framework */,
				1D30AB110D05D00D00671497 /* Foundation.framework */,
				2892E40F0DC94CBA00A64D0F /* CoreGraphics.framework */,
			);
			name = Frameworks;
			sourceTree = "<group>";
		};
/* End PBXGroup section */

/* Begin PBXNativeTarget section */
		1D6058900D05DD3D006BFB54 /* iCalToDo */ = {
			isa = PBXNativeTarget;
			buildConfigurationList = 1D6058960D05DD3E006BFB54 /* Build configuration list for PBXNativeTarget "iCalToDo" */;
			buildPhases = (
				1D60588D0D05DD3D006BFB54 /* Resources */,
				1D60588E0D05DD3D006BFB54 /* Sources */,
				1D60588F0D05DD3D006BFB54 /* Frameworks */,
			);
			buildRules = (
			);
			dependencies = (
			);
			name = iCalToDo;
			productName = iCalToDo;
			productReference = 1D6058910D05DD3D006BFB54 /* iCalToDo.app */;
			productType = "com.apple.product-type.application";
		};
/* End PBXNativeTarget section */

/* Begin PBXProject section */
		29B97313FDCFA39411CA2CEA /* Project object */ = {
			isa = PBXProject;
			buildConfigurationList = C01FCF4E08A954540054247B /* Build configuration list for PBXProject "iCalToDo" */;
			compatibilityVersion = "Xcode 3.1";
			developmentRegion = English;
			hasScannedForEncodings = 1;
			knownRegions = (
				English,
				Japanese,
				French,
				German,
				en,
			);
			mainGroup = 29B97314FDCFA39411CA2CEA /* CustomTemplate */;
			projectDirPath = "";
			projectRoot = "";
			targets = (
				1D6058900D05DD3D006BFB54 /* iCalToDo */,
			);
		};
/* End PBXProject section */

/* Begin PBXResourcesBuildPhase section */
		1D60588D0D05DD3D006BFB54 /* Resources */ = {
			isa = PBXResourcesBuildPhase;
			buildActionMask = 2147483647;
			files = (
				28AD73600D9D9599002E5188 /* MainWindow.xib in Resources */,
				28F335F11007B36200424DE2 /* RootViewController.xib in Resources */,
				212C386713839DDF001404E6 /* chk_done.png in Resources */,
				212C386813839DDF001404E6 /* chk_none.png in Resources */,
				21335F441384E26A007D8FFD /* chk_done@2x.png in Resources */,
				21335F451384E26A007D8FFD /* chk_none@2x.png in Resources */,
				2192DCB7138562F7003E2670 /* Icon.png in Resources */,
				2192DCB8138562F7003E2670 /* Icon@x2.png in Resources */,
			);
			runOnlyForDeploymentPostprocessing = 0;
		};
/* End PBXResourcesBuildPhase section */

/* Begin PBXSourcesBuildPhase section */
		1D60588E0D05DD3D006BFB54 /* Sources */ = {
			isa = PBXSourcesBuildPhase;
			buildActionMask = 2147483647;
			files = (
				1D60589B0D05DD56006BFB54 /* main.m in Sources */,
				1D3623260D0F684500981E51 /* iCalToDoAppDelegate.m in Sources */,
				28C286E10D94DF7D0034E888 /* RootViewController.m in Sources */,
				2171093A137E872E0098ADD3 /* CGICalTodoViewController.m in Sources */,
				211645C71380DFBE00D5578F /* CGICalendar.m in Sources */,
				211645C81380DFBE00D5578F /* CGICalendarComponent.m in Sources */,
				211645C91380DFBE00D5578F /* CGICalendarContentLine.m in Sources */,
				211645CA1380DFBE00D5578F /* CGICalendarObject.m in Sources */,
				211645CB1380DFBE00D5578F /* CGICalendarParameter.m in Sources */,
				211645CC1380DFBE00D5578F /* CGICalendarProperty.m in Sources */,
				211645CD1380DFBE00D5578F /* CGICalendarValue.m in Sources */,
				211645CE1380DFBE00D5578F /* NSDate+CGICalendar.m in Sources */,
				21019B101380EE8000FD667B /* CGICalTodoDetailViewController.m in Sources */,
				21019B141380F1C900FD667B /* CGICalTodoNewViewController.m in Sources */,
				212C38751383A923001404E6 /* CGICalTodoViewCheckButton.m in Sources */,
			);
			runOnlyForDeploymentPostprocessing = 0;
		};
/* End PBXSourcesBuildPhase section */

/* Begin XCBuildConfiguration section */
		1D6058940D05DD3E006BFB54 /* Debug */ = {
			isa = XCBuildConfiguration;
			buildSettings = {
				ALWAYS_SEARCH_USER_PATHS = NO;
				COPY_PHASE_STRIP = NO;
				GCC_DYNAMIC_NO_PIC = NO;
				GCC_OPTIMIZATION_LEVEL = 0;
				GCC_PRECOMPILE_PREFIX_HEADER = YES;
				GCC_PREFIX_HEADER = iCalToDo_Prefix.pch;
				INFOPLIST_FILE = "iCalToDo-Info.plist";
				PRODUCT_NAME = iCalToDo;
			};
			name = Debug;
		};
		1D6058950D05DD3E006BFB54 /* Release */ = {
			isa = XCBuildConfiguration;
			buildSettings = {
				ALWAYS_SEARCH_USER_PATHS = NO;
				COPY_PHASE_STRIP = YES;
				GCC_PRECOMPILE_PREFIX_HEADER = YES;
				GCC_PREFIX_HEADER = iCalToDo_Prefix.pch;
				INFOPLIST_FILE = "iCalToDo-Info.plist";
				PRODUCT_NAME = iCalToDo;
				VALIDATE_PRODUCT = YES;
			};
			name = Release;
		};
		C01FCF4F08A954540054247B /* Debug */ = {
			isa = XCBuildConfiguration;
			buildSettings = {
				ARCHS = "$(ARCHS_STANDARD_32_BIT)";
				"CODE_SIGN_IDENTITY[sdk=iphoneos*]" = "iPhone Developer";
				GCC_C_LANGUAGE_STANDARD = c99;
				GCC_WARN_ABOUT_RETURN_TYPE = YES;
				GCC_WARN_UNUSED_VARIABLE = YES;
				IPHONEOS_DEPLOYMENT_TARGET = 4.0;
				PREBINDING = NO;
				SDKROOT = iphoneos;
			};
			name = Debug;
		};
		C01FCF5008A954540054247B /* Release */ = {
			isa = XCBuildConfiguration;
			buildSettings = {
				ARCHS = "$(ARCHS_STANDARD_32_BIT)";
				"CODE_SIGN_IDENTITY[sdk=iphoneos*]" = "iPhone Developer";
				GCC_C_LANGUAGE_STANDARD = c99;
				GCC_WARN_ABOUT_RETURN_TYPE = YES;
				GCC_WARN_UNUSED_VARIABLE = YES;
				IPHONEOS_DEPLOYMENT_TARGET = 4.0;
				OTHER_CFLAGS = "-DNS_BLOCK_ASSERTIONS=1";
				PREBINDING = NO;
				SDKROOT = iphoneos;
			};
			name = Release;
		};
/* End XCBuildConfiguration section */

/* Begin XCConfigurationList section */
		1D6058960D05DD3E006BFB54 /* Build configuration list for PBXNativeTarget "iCalToDo" */ = {
			isa = XCConfigurationList;
			buildConfigurations = (
				1D6058940D05DD3E006BFB54 /* Debug */,
				1D6058950D05DD3E006BFB54 /* Release */,
			);
			defaultConfigurationIsVisible = 0;
			defaultConfigurationName = Release;
		};
		C01FCF4E08A954540054247B /* Build configuration list for PBXProject "iCalToDo" */ = {
			isa = XCConfigurationList;
			buildConfigurations = (
				C01FCF4F08A954540054247B /* Debug */,
				C01FCF5008A954540054247B /* Release */,
			);
			defaultConfigurationIsVisible = 0;
			defaultConfigurationName = Release;
		};
/* End XCConfigurationList section */
	};
	rootObject = 29B97313FDCFA39411CA2CEA /* Project object */;
}
